// !$*UTF8*$!
{
	archiveVersion = 1;
	classes = {
	};
	objectVersion = 50;
	objects = {

/* Begin PBXBuildFile section */
		C4333C282313C49A00E3A504 /* MultiTimer WatchKit App.app in Embed Watch Content */ = {isa = PBXBuildFile; fileRef = C4333C272313C49A00E3A504 /* MultiTimer WatchKit App.app */; settings = {ATTRIBUTES = (RemoveHeadersOnCopy, ); }; };
		C4333C2E2313C49A00E3A504 /* Interface.storyboard in Resources */ = {isa = PBXBuildFile; fileRef = C4333C2C2313C49A00E3A504 /* Interface.storyboard */; };
		C4333C302313C49E00E3A504 /* Assets.xcassets in Resources */ = {isa = PBXBuildFile; fileRef = C4333C2F2313C49E00E3A504 /* Assets.xcassets */; };
		C4333C372313C49F00E3A504 /* MultiTimer WatchKit Extension.appex in Embed App Extensions */ = {isa = PBXBuildFile; fileRef = C4333C362313C49F00E3A504 /* MultiTimer WatchKit Extension.appex */; settings = {ATTRIBUTES = (RemoveHeadersOnCopy, ); }; };
		C4333C3C2313C49F00E3A504 /* ContentView.swift in Sources */ = {isa = PBXBuildFile; fileRef = C4333C3B2313C49F00E3A504 /* ContentView.swift */; };
		C4333C3E2313C49F00E3A504 /* HostingController.swift in Sources */ = {isa = PBXBuildFile; fileRef = C4333C3D2313C49F00E3A504 /* HostingController.swift */; };
		C4333C402313C49F00E3A504 /* ExtensionDelegate.swift in Sources */ = {isa = PBXBuildFile; fileRef = C4333C3F2313C49F00E3A504 /* ExtensionDelegate.swift */; };
		C4333C422313C49F00E3A504 /* NotificationController.swift in Sources */ = {isa = PBXBuildFile; fileRef = C4333C412313C49F00E3A504 /* NotificationController.swift */; };
		C4333C442313C49F00E3A504 /* NotificationView.swift in Sources */ = {isa = PBXBuildFile; fileRef = C4333C432313C49F00E3A504 /* NotificationView.swift */; };
		C4333C462313C49F00E3A504 /* ComplicationController.swift in Sources */ = {isa = PBXBuildFile; fileRef = C4333C452313C49F00E3A504 /* ComplicationController.swift */; };
		C4333C482313C4A100E3A504 /* Assets.xcassets in Resources */ = {isa = PBXBuildFile; fileRef = C4333C472313C4A100E3A504 /* Assets.xcassets */; };
		C4333C4B2313C4A100E3A504 /* Preview Assets.xcassets in Resources */ = {isa = PBXBuildFile; fileRef = C4333C4A2313C4A100E3A504 /* Preview Assets.xcassets */; };
		C4333C5D2313C77C00E3A504 /* MultiView.swift in Sources */ = {isa = PBXBuildFile; fileRef = C4333C5C2313C77C00E3A504 /* MultiView.swift */; };
		C4333C5F2313C83500E3A504 /* Timer.swift in Sources */ = {isa = PBXBuildFile; fileRef = C4333C5E2313C83500E3A504 /* Timer.swift */; };
		C4333C6323141C8900E3A504 /* TimeIntervalFormatter.swift in Sources */ = {isa = PBXBuildFile; fileRef = C4333C6223141C8900E3A504 /* TimeIntervalFormatter.swift */; };
		C4333C652314F00900E3A504 /* TimersList.swift in Sources */ = {isa = PBXBuildFile; fileRef = C4333C642314F00800E3A504 /* TimersList.swift */; };
		C4333C672314F29F00E3A504 /* DetailView.swift in Sources */ = {isa = PBXBuildFile; fileRef = C4333C662314F29F00E3A504 /* DetailView.swift */; };
		C4333C692315207100E3A504 /* AddTimer.swift in Sources */ = {isa = PBXBuildFile; fileRef = C4333C682315207100E3A504 /* AddTimer.swift */; };
/* End PBXBuildFile section */

/* Begin PBXContainerItemProxy section */
		C4333C292313C49A00E3A504 /* PBXContainerItemProxy */ = {
			isa = PBXContainerItemProxy;
			containerPortal = C4333C1D2313C49900E3A504 /* Project object */;
			proxyType = 1;
			remoteGlobalIDString = C4333C262313C49900E3A504;
			remoteInfo = "MultiTimer WatchKit App";
		};
		C4333C382313C49F00E3A504 /* PBXContainerItemProxy */ = {
			isa = PBXContainerItemProxy;
			containerPortal = C4333C1D2313C49900E3A504 /* Project object */;
			proxyType = 1;
			remoteGlobalIDString = C4333C352313C49F00E3A504;
			remoteInfo = "MultiTimer WatchKit Extension";
		};
/* End PBXContainerItemProxy section */

/* Begin PBXCopyFilesBuildPhase section */
		C4333C532313C4A100E3A504 /* Embed App Extensions */ = {
			isa = PBXCopyFilesBuildPhase;
			buildActionMask = 2147483647;
			dstPath = "";
			dstSubfolderSpec = 13;
			files = (
				C4333C372313C49F00E3A504 /* MultiTimer WatchKit Extension.appex in Embed App Extensions */,
			);
			name = "Embed App Extensions";
			runOnlyForDeploymentPostprocessing = 0;
		};
		C4333C572313C4A100E3A504 /* Embed Watch Content */ = {
			isa = PBXCopyFilesBuildPhase;
			buildActionMask = 2147483647;
			dstPath = "$(CONTENTS_FOLDER_PATH)/Watch";
			dstSubfolderSpec = 16;
			files = (
				C4333C282313C49A00E3A504 /* MultiTimer WatchKit App.app in Embed Watch Content */,
			);
			name = "Embed Watch Content";
			runOnlyForDeploymentPostprocessing = 0;
		};
/* End PBXCopyFilesBuildPhase section */

/* Begin PBXFileReference section */
		C4333C232313C49900E3A504 /* MultiTimer.app */ = {isa = PBXFileReference; explicitFileType = wrapper.application; includeInIndex = 0; path = MultiTimer.app; sourceTree = BUILT_PRODUCTS_DIR; };
		C4333C272313C49A00E3A504 /* MultiTimer WatchKit App.app */ = {isa = PBXFileReference; explicitFileType = wrapper.application; includeInIndex = 0; path = "MultiTimer WatchKit App.app"; sourceTree = BUILT_PRODUCTS_DIR; };
		C4333C2D2313C49A00E3A504 /* Base */ = {isa = PBXFileReference; lastKnownFileType = file.storyboard; name = Base; path = Base.lproj/Interface.storyboard; sourceTree = "<group>"; };
		C4333C2F2313C49E00E3A504 /* Assets.xcassets */ = {isa = PBXFileReference; lastKnownFileType = folder.assetcatalog; path = Assets.xcassets; sourceTree = "<group>"; };
		C4333C312313C49E00E3A504 /* Info.plist */ = {isa = PBXFileReference; lastKnownFileType = text.plist.xml; path = Info.plist; sourceTree = "<group>"; };
		C4333C362313C49F00E3A504 /* MultiTimer WatchKit Extension.appex */ = {isa = PBXFileReference; explicitFileType = "wrapper.app-extension"; includeInIndex = 0; path = "MultiTimer WatchKit Extension.appex"; sourceTree = BUILT_PRODUCTS_DIR; };
		C4333C3B2313C49F00E3A504 /* ContentView.swift */ = {isa = PBXFileReference; lastKnownFileType = sourcecode.swift; path = ContentView.swift; sourceTree = "<group>"; };
		C4333C3D2313C49F00E3A504 /* HostingController.swift */ = {isa = PBXFileReference; lastKnownFileType = sourcecode.swift; path = HostingController.swift; sourceTree = "<group>"; };
		C4333C3F2313C49F00E3A504 /* ExtensionDelegate.swift */ = {isa = PBXFileReference; lastKnownFileType = sourcecode.swift; path = ExtensionDelegate.swift; sourceTree = "<group>"; };
		C4333C412313C49F00E3A504 /* NotificationController.swift */ = {isa = PBXFileReference; lastKnownFileType = sourcecode.swift; path = NotificationController.swift; sourceTree = "<group>"; };
		C4333C432313C49F00E3A504 /* NotificationView.swift */ = {isa = PBXFileReference; lastKnownFileType = sourcecode.swift; path = NotificationView.swift; sourceTree = "<group>"; };
		C4333C452313C49F00E3A504 /* ComplicationController.swift */ = {isa = PBXFileReference; lastKnownFileType = sourcecode.swift; path = ComplicationController.swift; sourceTree = "<group>"; };
		C4333C472313C4A100E3A504 /* Assets.xcassets */ = {isa = PBXFileReference; lastKnownFileType = folder.assetcatalog; path = Assets.xcassets; sourceTree = "<group>"; };
		C4333C4A2313C4A100E3A504 /* Preview Assets.xcassets */ = {isa = PBXFileReference; lastKnownFileType = folder.assetcatalog; path = "Preview Assets.xcassets"; sourceTree = "<group>"; };
		C4333C4C2313C4A100E3A504 /* Info.plist */ = {isa = PBXFileReference; lastKnownFileType = text.plist.xml; path = Info.plist; sourceTree = "<group>"; };
		C4333C4D2313C4A100E3A504 /* PushNotificationPayload.apns */ = {isa = PBXFileReference; lastKnownFileType = text; path = PushNotificationPayload.apns; sourceTree = "<group>"; };
		C4333C5C2313C77C00E3A504 /* MultiView.swift */ = {isa = PBXFileReference; lastKnownFileType = sourcecode.swift; path = MultiView.swift; sourceTree = "<group>"; };
		C4333C5E2313C83500E3A504 /* Timer.swift */ = {isa = PBXFileReference; lastKnownFileType = sourcecode.swift; path = Timer.swift; sourceTree = "<group>"; };
		C4333C6223141C8900E3A504 /* TimeIntervalFormatter.swift */ = {isa = PBXFileReference; lastKnownFileType = sourcecode.swift; path = TimeIntervalFormatter.swift; sourceTree = "<group>"; };
		C4333C642314F00800E3A504 /* TimersList.swift */ = {isa = PBXFileReference; lastKnownFileType = sourcecode.swift; path = TimersList.swift; sourceTree = "<group>"; };
		C4333C662314F29F00E3A504 /* DetailView.swift */ = {isa = PBXFileReference; lastKnownFileType = sourcecode.swift; path = DetailView.swift; sourceTree = "<group>"; };
		C4333C682315207100E3A504 /* AddTimer.swift */ = {isa = PBXFileReference; lastKnownFileType = sourcecode.swift; path = AddTimer.swift; sourceTree = "<group>"; };
/* End PBXFileReference section */

/* Begin PBXFrameworksBuildPhase section */
		C4333C332313C49F00E3A504 /* Frameworks */ = {
			isa = PBXFrameworksBuildPhase;
			buildActionMask = 2147483647;
			files = (
			);
			runOnlyForDeploymentPostprocessing = 0;
		};
/* End PBXFrameworksBuildPhase section */

/* Begin PBXGroup section */
		C4333C1C2313C49900E3A504 = {
			isa = PBXGroup;
			children = (
				C4333C2B2313C49A00E3A504 /* MultiTimer WatchKit App */,
				C4333C3A2313C49F00E3A504 /* MultiTimer WatchKit Extension */,
				C4333C242313C49900E3A504 /* Products */,
			);
			sourceTree = "<group>";
		};
		C4333C242313C49900E3A504 /* Products */ = {
			isa = PBXGroup;
			children = (
				C4333C232313C49900E3A504 /* MultiTimer.app */,
				C4333C272313C49A00E3A504 /* MultiTimer WatchKit App.app */,
				C4333C362313C49F00E3A504 /* MultiTimer WatchKit Extension.appex */,
			);
			name = Products;
			sourceTree = "<group>";
		};
		C4333C2B2313C49A00E3A504 /* MultiTimer WatchKit App */ = {
			isa = PBXGroup;
			children = (
				C4333C2C2313C49A00E3A504 /* Interface.storyboard */,
				C4333C2F2313C49E00E3A504 /* Assets.xcassets */,
				C4333C312313C49E00E3A504 /* Info.plist */,
			);
			path = "MultiTimer WatchKit App";
			sourceTree = "<group>";
		};
		C4333C3A2313C49F00E3A504 /* MultiTimer WatchKit Extension */ = {
			isa = PBXGroup;
			children = (
				C4333C472313C4A100E3A504 /* Assets.xcassets */,
				C4333C452313C49F00E3A504 /* ComplicationController.swift */,
				C4333C3B2313C49F00E3A504 /* ContentView.swift */,
				C4333C3F2313C49F00E3A504 /* ExtensionDelegate.swift */,
				C4333C3D2313C49F00E3A504 /* HostingController.swift */,
				C4333C4C2313C4A100E3A504 /* Info.plist */,
				C4333C602313C84100E3A504 /* Models */,
				C4333C412313C49F00E3A504 /* NotificationController.swift */,
				C4333C432313C49F00E3A504 /* NotificationView.swift */,
				C4333C492313C4A100E3A504 /* Preview Content */,
				C4333C4D2313C4A100E3A504 /* PushNotificationPayload.apns */,
				C4333C5B2313C75200E3A504 /* Views */,
			);
			path = "MultiTimer WatchKit Extension";
			sourceTree = "<group>";
		};
		C4333C492313C4A100E3A504 /* Preview Content */ = {
			isa = PBXGroup;
			children = (
				C4333C4A2313C4A100E3A504 /* Preview Assets.xcassets */,
			);
			path = "Preview Content";
			sourceTree = "<group>";
		};
		C4333C5B2313C75200E3A504 /* Views */ = {
			isa = PBXGroup;
			children = (
				C4333C682315207100E3A504 /* AddTimer.swift */,
				C4333C662314F29F00E3A504 /* DetailView.swift */,
				C4333C5C2313C77C00E3A504 /* MultiView.swift */,
				C4333C6223141C8900E3A504 /* TimeIntervalFormatter.swift */,
			);
			path = Views;
			sourceTree = "<group>";
		};
		C4333C602313C84100E3A504 /* Models */ = {
			isa = PBXGroup;
			children = (
				C4333C5E2313C83500E3A504 /* Timer.swift */,
				C4333C642314F00800E3A504 /* TimersList.swift */,
			);
			path = Models;
			sourceTree = "<group>";
		};
/* End PBXGroup section */

/* Begin PBXNativeTarget section */
		C4333C222313C49900E3A504 /* MultiTimer */ = {
			isa = PBXNativeTarget;
			buildConfigurationList = C4333C582313C4A100E3A504 /* Build configuration list for PBXNativeTarget "MultiTimer" */;
			buildPhases = (
				C4333C212313C49900E3A504 /* Resources */,
				C4333C572313C4A100E3A504 /* Embed Watch Content */,
				C4333C612313DF5300E3A504 /* ShellScript */,
			);
			buildRules = (
			);
			dependencies = (
				C4333C2A2313C49A00E3A504 /* PBXTargetDependency */,
			);
			name = MultiTimer;
			productName = MultiTimer;
			productReference = C4333C232313C49900E3A504 /* MultiTimer.app */;
			productType = "com.apple.product-type.application.watchapp2-container";
		};
		C4333C262313C49900E3A504 /* MultiTimer WatchKit App */ = {
			isa = PBXNativeTarget;
			buildConfigurationList = C4333C542313C4A100E3A504 /* Build configuration list for PBXNativeTarget "MultiTimer WatchKit App" */;
			buildPhases = (
				C4333C252313C49900E3A504 /* Resources */,
				C4333C532313C4A100E3A504 /* Embed App Extensions */,
			);
			buildRules = (
			);
			dependencies = (
				C4333C392313C49F00E3A504 /* PBXTargetDependency */,
			);
			name = "MultiTimer WatchKit App";
			productName = "MultiTimer WatchKit App";
			productReference = C4333C272313C49A00E3A504 /* MultiTimer WatchKit App.app */;
			productType = "com.apple.product-type.application.watchapp2";
		};
		C4333C352313C49F00E3A504 /* MultiTimer WatchKit Extension */ = {
			isa = PBXNativeTarget;
			buildConfigurationList = C4333C502313C4A100E3A504 /* Build configuration list for PBXNativeTarget "MultiTimer WatchKit Extension" */;
			buildPhases = (
				C4333C322313C49F00E3A504 /* Sources */,
				C4333C332313C49F00E3A504 /* Frameworks */,
				C4333C342313C49F00E3A504 /* Resources */,
			);
			buildRules = (
			);
			dependencies = (
			);
			name = "MultiTimer WatchKit Extension";
			productName = "MultiTimer WatchKit Extension";
			productReference = C4333C362313C49F00E3A504 /* MultiTimer WatchKit Extension.appex */;
			productType = "com.apple.product-type.watchkit2-extension";
		};
/* End PBXNativeTarget section */

/* Begin PBXProject section */
		C4333C1D2313C49900E3A504 /* Project object */ = {
			isa = PBXProject;
			attributes = {
				LastSwiftUpdateCheck = 1100;
				LastUpgradeCheck = 1100;
				ORGANIZATIONNAME = mesme;
				TargetAttributes = {
					C4333C222313C49900E3A504 = {
						CreatedOnToolsVersion = 11.0;
					};
					C4333C262313C49900E3A504 = {
						CreatedOnToolsVersion = 11.0;
					};
					C4333C352313C49F00E3A504 = {
						CreatedOnToolsVersion = 11.0;
					};
				};
			};
			buildConfigurationList = C4333C202313C49900E3A504 /* Build configuration list for PBXProject "MultiTimer" */;
			compatibilityVersion = "Xcode 9.3";
			developmentRegion = en;
			hasScannedForEncodings = 0;
			knownRegions = (
				en,
				Base,
			);
			mainGroup = C4333C1C2313C49900E3A504;
			productRefGroup = C4333C242313C49900E3A504 /* Products */;
			projectDirPath = "";
			projectRoot = "";
			targets = (
				C4333C222313C49900E3A504 /* MultiTimer */,
				C4333C262313C49900E3A504 /* MultiTimer WatchKit App */,
				C4333C352313C49F00E3A504 /* MultiTimer WatchKit Extension */,
			);
		};
/* End PBXProject section */

/* Begin PBXResourcesBuildPhase section */
		C4333C212313C49900E3A504 /* Resources */ = {
			isa = PBXResourcesBuildPhase;
			buildActionMask = 2147483647;
			files = (
			);
			runOnlyForDeploymentPostprocessing = 0;
		};
		C4333C252313C49900E3A504 /* Resources */ = {
			isa = PBXResourcesBuildPhase;
			buildActionMask = 2147483647;
			files = (
				C4333C302313C49E00E3A504 /* Assets.xcassets in Resources */,
				C4333C2E2313C49A00E3A504 /* Interface.storyboard in Resources */,
			);
			runOnlyForDeploymentPostprocessing = 0;
		};
		C4333C342313C49F00E3A504 /* Resources */ = {
			isa = PBXResourcesBuildPhase;
			buildActionMask = 2147483647;
			files = (
				C4333C4B2313C4A100E3A504 /* Preview Assets.xcassets in Resources */,
				C4333C482313C4A100E3A504 /* Assets.xcassets in Resources */,
			);
			runOnlyForDeploymentPostprocessing = 0;
		};
/* End PBXResourcesBuildPhase section */

/* Begin PBXShellScriptBuildPhase section */
		C4333C612313DF5300E3A504 /* ShellScript */ = {
			isa = PBXShellScriptBuildPhase;
			buildActionMask = 2147483647;
			files = (
			);
			inputFileListPaths = (
			);
			inputPaths = (
			);
			outputFileListPaths = (
			);
			outputPaths = (
			);
			runOnlyForDeploymentPostprocessing = 0;
			shellPath = /bin/sh;
			shellScript = "if which swiftlint >/dev/null; then\n  swiftlint\nelse\n  echo \"warning: SwiftLint not installed, download from https://github.com/realm/SwiftLint\"\nfi\n";
		};
/* End PBXShellScriptBuildPhase section */

/* Begin PBXSourcesBuildPhase section */
		C4333C322313C49F00E3A504 /* Sources */ = {
			isa = PBXSourcesBuildPhase;
			buildActionMask = 2147483647;
			files = (
				C4333C3E2313C49F00E3A504 /* HostingController.swift in Sources */,
				C4333C3C2313C49F00E3A504 /* ContentView.swift in Sources */,
				C4333C422313C49F00E3A504 /* NotificationController.swift in Sources */,
				C4333C692315207100E3A504 /* AddTimer.swift in Sources */,
				C4333C402313C49F00E3A504 /* ExtensionDelegate.swift in Sources */,
				C4333C442313C49F00E3A504 /* NotificationView.swift in Sources */,
				C4333C672314F29F00E3A504 /* DetailView.swift in Sources */,
				C4333C5D2313C77C00E3A504 /* MultiView.swift in Sources */,
				C4333C6323141C8900E3A504 /* TimeIntervalFormatter.swift in Sources */,
				C4333C462313C49F00E3A504 /* ComplicationController.swift in Sources */,
				C4333C5F2313C83500E3A504 /* Timer.swift in Sources */,
				C4333C652314F00900E3A504 /* TimersList.swift in Sources */,
			);
			runOnlyForDeploymentPostprocessing = 0;
		};
/* End PBXSourcesBuildPhase section */

/* Begin PBXTargetDependency section */
		C4333C2A2313C49A00E3A504 /* PBXTargetDependency */ = {
			isa = PBXTargetDependency;
			target = C4333C262313C49900E3A504 /* MultiTimer WatchKit App */;
			targetProxy = C4333C292313C49A00E3A504 /* PBXContainerItemProxy */;
		};
		C4333C392313C49F00E3A504 /* PBXTargetDependency */ = {
			isa = PBXTargetDependency;
			target = C4333C352313C49F00E3A504 /* MultiTimer WatchKit Extension */;
			targetProxy = C4333C382313C49F00E3A504 /* PBXContainerItemProxy */;
		};
/* End PBXTargetDependency section */

/* Begin PBXVariantGroup section */
		C4333C2C2313C49A00E3A504 /* Interface.storyboard */ = {
			isa = PBXVariantGroup;
			children = (
				C4333C2D2313C49A00E3A504 /* Base */,
			);
			name = Interface.storyboard;
			sourceTree = "<group>";
		};
/* End PBXVariantGroup section */

/* Begin XCBuildConfiguration section */
		C4333C4E2313C4A100E3A504 /* Debug */ = {
			isa = XCBuildConfiguration;
			buildSettings = {
				ALWAYS_SEARCH_USER_PATHS = NO;
				CLANG_ANALYZER_NONNULL = YES;
				CLANG_ANALYZER_NUMBER_OBJECT_CONVERSION = YES_AGGRESSIVE;
				CLANG_CXX_LANGUAGE_STANDARD = "gnu++14";
				CLANG_CXX_LIBRARY = "libc++";
				CLANG_ENABLE_MODULES = YES;
				CLANG_ENABLE_OBJC_ARC = YES;
				CLANG_ENABLE_OBJC_WEAK = YES;
				CLANG_WARN_BLOCK_CAPTURE_AUTORELEASING = YES;
				CLANG_WARN_BOOL_CONVERSION = YES;
				CLANG_WARN_COMMA = YES;
				CLANG_WARN_CONSTANT_CONVERSION = YES;
				CLANG_WARN_DEPRECATED_OBJC_IMPLEMENTATIONS = YES;
				CLANG_WARN_DIRECT_OBJC_ISA_USAGE = YES_ERROR;
				CLANG_WARN_DOCUMENTATION_COMMENTS = YES;
				CLANG_WARN_EMPTY_BODY = YES;
				CLANG_WARN_ENUM_CONVERSION = YES;
				CLANG_WARN_INFINITE_RECURSION = YES;
				CLANG_WARN_INT_CONVERSION = YES;
				CLANG_WARN_NON_LITERAL_NULL_CONVERSION = YES;
				CLANG_WARN_OBJC_IMPLICIT_RETAIN_SELF = YES;
				CLANG_WARN_OBJC_LITERAL_CONVERSION = YES;
				CLANG_WARN_OBJC_ROOT_CLASS = YES_ERROR;
				CLANG_WARN_RANGE_LOOP_ANALYSIS = YES;
				CLANG_WARN_STRICT_PROTOTYPES = YES;
				CLANG_WARN_SUSPICIOUS_MOVE = YES;
				CLANG_WARN_UNGUARDED_AVAILABILITY = YES_AGGRESSIVE;
				CLANG_WARN_UNREACHABLE_CODE = YES;
				CLANG_WARN__DUPLICATE_METHOD_MATCH = YES;
				COPY_PHASE_STRIP = NO;
				DEBUG_INFORMATION_FORMAT = dwarf;
				ENABLE_STRICT_OBJC_MSGSEND = YES;
				ENABLE_TESTABILITY = YES;
				GCC_C_LANGUAGE_STANDARD = gnu11;
				GCC_DYNAMIC_NO_PIC = NO;
				GCC_NO_COMMON_BLOCKS = YES;
				GCC_OPTIMIZATION_LEVEL = 0;
				GCC_PREPROCESSOR_DEFINITIONS = (
					"DEBUG=1",
					"$(inherited)",
				);
				GCC_WARN_64_TO_32_BIT_CONVERSION = YES;
				GCC_WARN_ABOUT_RETURN_TYPE = YES_ERROR;
				GCC_WARN_UNDECLARED_SELECTOR = YES;
				GCC_WARN_UNINITIALIZED_AUTOS = YES_AGGRESSIVE;
				GCC_WARN_UNUSED_FUNCTION = YES;
				GCC_WARN_UNUSED_VARIABLE = YES;
				MTL_ENABLE_DEBUG_INFO = INCLUDE_SOURCE;
				MTL_FAST_MATH = YES;
				ONLY_ACTIVE_ARCH = YES;
				SDKROOT = iphoneos;
				SWIFT_ACTIVE_COMPILATION_CONDITIONS = DEBUG;
				SWIFT_OPTIMIZATION_LEVEL = "-Onone";
			};
			name = Debug;
		};
		C4333C4F2313C4A100E3A504 /* Release */ = {
			isa = XCBuildConfiguration;
			buildSettings = {
				ALWAYS_SEARCH_USER_PATHS = NO;
				CLANG_ANALYZER_NONNULL = YES;
				CLANG_ANALYZER_NUMBER_OBJECT_CONVERSION = YES_AGGRESSIVE;
				CLANG_CXX_LANGUAGE_STANDARD = "gnu++14";
				CLANG_CXX_LIBRARY = "libc++";
				CLANG_ENABLE_MODULES = YES;
				CLANG_ENABLE_OBJC_ARC = YES;
				CLANG_ENABLE_OBJC_WEAK = YES;
				CLANG_WARN_BLOCK_CAPTURE_AUTORELEASING = YES;
				CLANG_WARN_BOOL_CONVERSION = YES;
				CLANG_WARN_COMMA = YES;
				CLANG_WARN_CONSTANT_CONVERSION = YES;
				CLANG_WARN_DEPRECATED_OBJC_IMPLEMENTATIONS = YES;
				CLANG_WARN_DIRECT_OBJC_ISA_USAGE = YES_ERROR;
				CLANG_WARN_DOCUMENTATION_COMMENTS = YES;
				CLANG_WARN_EMPTY_BODY = YES;
				CLANG_WARN_ENUM_CONVERSION = YES;
				CLANG_WARN_INFINITE_RECURSION = YES;
				CLANG_WARN_INT_CONVERSION = YES;
				CLANG_WARN_NON_LITERAL_NULL_CONVERSION = YES;
				CLANG_WARN_OBJC_IMPLICIT_RETAIN_SELF = YES;
				CLANG_WARN_OBJC_LITERAL_CONVERSION = YES;
				CLANG_WARN_OBJC_ROOT_CLASS = YES_ERROR;
				CLANG_WARN_RANGE_LOOP_ANALYSIS = YES;
				CLANG_WARN_STRICT_PROTOTYPES = YES;
				CLANG_WARN_SUSPICIOUS_MOVE = YES;
				CLANG_WARN_UNGUARDED_AVAILABILITY = YES_AGGRESSIVE;
				CLANG_WARN_UNREACHABLE_CODE = YES;
				CLANG_WARN__DUPLICATE_METHOD_MATCH = YES;
				COPY_PHASE_STRIP = NO;
				DEBUG_INFORMATION_FORMAT = "dwarf-with-dsym";
				ENABLE_NS_ASSERTIONS = NO;
				ENABLE_STRICT_OBJC_MSGSEND = YES;
				GCC_C_LANGUAGE_STANDARD = gnu11;
				GCC_NO_COMMON_BLOCKS = YES;
				GCC_WARN_64_TO_32_BIT_CONVERSION = YES;
				GCC_WARN_ABOUT_RETURN_TYPE = YES_ERROR;
				GCC_WARN_UNDECLARED_SELECTOR = YES;
				GCC_WARN_UNINITIALIZED_AUTOS = YES_AGGRESSIVE;
				GCC_WARN_UNUSED_FUNCTION = YES;
				GCC_WARN_UNUSED_VARIABLE = YES;
				MTL_ENABLE_DEBUG_INFO = NO;
				MTL_FAST_MATH = YES;
				SDKROOT = iphoneos;
				SWIFT_COMPILATION_MODE = wholemodule;
				SWIFT_OPTIMIZATION_LEVEL = "-O";
				VALIDATE_PRODUCT = YES;
			};
			name = Release;
		};
		C4333C512313C4A100E3A504 /* Debug */ = {
			isa = XCBuildConfiguration;
			buildSettings = {
				ASSETCATALOG_COMPILER_COMPLICATION_NAME = Complication;
				CODE_SIGN_STYLE = Automatic;
				DEVELOPMENT_ASSET_PATHS = "\"MultiTimer WatchKit Extension/Preview Content\"";
				ENABLE_PREVIEWS = YES;
				INFOPLIST_FILE = "MultiTimer WatchKit Extension/Info.plist";
				LD_RUNPATH_SEARCH_PATHS = (
					"$(inherited)",
					"@executable_path/Frameworks",
					"@executable_path/../../Frameworks",
				);
				MARKETING_VERSION = 0.3.1;
				PRODUCT_BUNDLE_IDENTIFIER = org.mesme.MultiTimer.watchkitapp.watchkitextension;
				PRODUCT_NAME = "${TARGET_NAME}";
				SDKROOT = watchos;
				SKIP_INSTALL = YES;
				SWIFT_VERSION = 5.0;
				TARGETED_DEVICE_FAMILY = 4;
				WATCHOS_DEPLOYMENT_TARGET = 6.0;
			};
			name = Debug;
		};
		C4333C522313C4A100E3A504 /* Release */ = {
			isa = XCBuildConfiguration;
			buildSettings = {
				ASSETCATALOG_COMPILER_COMPLICATION_NAME = Complication;
				CODE_SIGN_STYLE = Automatic;
				DEVELOPMENT_ASSET_PATHS = "\"MultiTimer WatchKit Extension/Preview Content\"";
				ENABLE_PREVIEWS = YES;
				INFOPLIST_FILE = "MultiTimer WatchKit Extension/Info.plist";
				LD_RUNPATH_SEARCH_PATHS = (
					"$(inherited)",
					"@executable_path/Frameworks",
					"@executable_path/../../Frameworks",
				);
				MARKETING_VERSION = 0.3.1;
				PRODUCT_BUNDLE_IDENTIFIER = org.mesme.MultiTimer.watchkitapp.watchkitextension;
				PRODUCT_NAME = "${TARGET_NAME}";
				SDKROOT = watchos;
				SKIP_INSTALL = YES;
				SWIFT_VERSION = 5.0;
				TARGETED_DEVICE_FAMILY = 4;
				WATCHOS_DEPLOYMENT_TARGET = 6.0;
			};
			name = Release;
		};
		C4333C552313C4A100E3A504 /* Debug */ = {
			isa = XCBuildConfiguration;
			buildSettings = {
				ALWAYS_EMBED_SWIFT_STANDARD_LIBRARIES = YES;
				ASSETCATALOG_COMPILER_APPICON_NAME = AppIcon;
				CODE_SIGN_STYLE = Automatic;
				IBSC_MODULE = MultiTimer_WatchKit_Extension;
				INFOPLIST_FILE = "MultiTimer WatchKit App/Info.plist";
				MARKETING_VERSION = 0.3.1;
				PRODUCT_BUNDLE_IDENTIFIER = org.mesme.MultiTimer.watchkitapp;
				PRODUCT_NAME = "$(TARGET_NAME)";
				SDKROOT = watchos;
				SKIP_INSTALL = YES;
				SWIFT_VERSION = 5.0;
				TARGETED_DEVICE_FAMILY = 4;
				WATCHOS_DEPLOYMENT_TARGET = 6.0;
			};
			name = Debug;
		};
		C4333C562313C4A100E3A504 /* Release */ = {
			isa = XCBuildConfiguration;
			buildSettings = {
				ALWAYS_EMBED_SWIFT_STANDARD_LIBRARIES = YES;
				ASSETCATALOG_COMPILER_APPICON_NAME = AppIcon;
				CODE_SIGN_STYLE = Automatic;
				IBSC_MODULE = MultiTimer_WatchKit_Extension;
				INFOPLIST_FILE = "MultiTimer WatchKit App/Info.plist";
				MARKETING_VERSION = 0.3.1;
				PRODUCT_BUNDLE_IDENTIFIER = org.mesme.MultiTimer.watchkitapp;
				PRODUCT_NAME = "$(TARGET_NAME)";
				SDKROOT = watchos;
				SKIP_INSTALL = YES;
				SWIFT_VERSION = 5.0;
				TARGETED_DEVICE_FAMILY = 4;
				WATCHOS_DEPLOYMENT_TARGET = 6.0;
			};
			name = Release;
		};
		C4333C592313C4A100E3A504 /* Debug */ = {
			isa = XCBuildConfiguration;
			buildSettings = {
				CODE_SIGN_STYLE = Automatic;
				CURRENT_PROJECT_VERSION = 1;
				MARKETING_VERSION = 0.3.1;
				PRODUCT_BUNDLE_IDENTIFIER = org.mesme.MultiTimer;
				PRODUCT_NAME = "$(TARGET_NAME)";
				SWIFT_VERSION = 5.0;
			};
			name = Debug;
		};
		C4333C5A2313C4A100E3A504 /* Release */ = {
			isa = XCBuildConfiguration;
			buildSettings = {
				CODE_SIGN_STYLE = Automatic;
				CURRENT_PROJECT_VERSION = 1;
				MARKETING_VERSION = 0.3.1;
				PRODUCT_BUNDLE_IDENTIFIER = org.mesme.MultiTimer;
				PRODUCT_NAME = "$(TARGET_NAME)";
				SWIFT_VERSION = 5.0;
			};
			name = Release;
		};
/* End XCBuildConfiguration section */

/* Begin XCConfigurationList section */
		C4333C202313C49900E3A504 /* Build configuration list for PBXProject "MultiTimer" */ = {
			isa = XCConfigurationList;
			buildConfigurations = (
				C4333C4E2313C4A100E3A504 /* Debug */,
				C4333C4F2313C4A100E3A504 /* Release */,
			);
			defaultConfigurationIsVisible = 0;
			defaultConfigurationName = Release;
		};
		C4333C502313C4A100E3A504 /* Build configuration list for PBXNativeTarget "MultiTimer WatchKit Extension" */ = {
			isa = XCConfigurationList;
			buildConfigurations = (
				C4333C512313C4A100E3A504 /* Debug */,
				C4333C522313C4A100E3A504 /* Release */,
			);
			defaultConfigurationIsVisible = 0;
			defaultConfigurationName = Release;
		};
		C4333C542313C4A100E3A504 /* Build configuration list for PBXNativeTarget "MultiTimer WatchKit App" */ = {
			isa = XCConfigurationList;
			buildConfigurations = (
				C4333C552313C4A100E3A504 /* Debug */,
				C4333C562313C4A100E3A504 /* Release */,
			);
			defaultConfigurationIsVisible = 0;
			defaultConfigurationName = Release;
		};
		C4333C582313C4A100E3A504 /* Build configuration list for PBXNativeTarget "MultiTimer" */ = {
			isa = XCConfigurationList;
			buildConfigurations = (
				C4333C592313C4A100E3A504 /* Debug */,
				C4333C5A2313C4A100E3A504 /* Release */,
			);
			defaultConfigurationIsVisible = 0;
			defaultConfigurationName = Release;
		};
/* End XCConfigurationList section */
	};
	rootObject = C4333C1D2313C49900E3A504 /* Project object */;
}
